
Microsoft Visual Studio Solution File, Format Version 12.00
# Visual Studio 15
VisualStudioVersion = 15.0.28307.960
MinimumVisualStudioVersion = 10.0.40219.1
Project("{FAE04EC0-301F-11D3-BF4B-00C04F79EFBC}") = "EspLabsTestProject", "EspLabsTestProject\EspLabsTestProject.csproj", "{88685AA9-3824-4CD5-8595-0F8D47B5B416}"
EndProject
Global
	GlobalSection(SolutionConfigurationPlatforms) = preSolution
		Debug|Any CPU = Debug|Any CPU
		Release|Any CPU = Release|Any CPU
	EndGlobalSection
	GlobalSection(ProjectConfigurationPlatforms) = postSolution
		{88685AA9-3824-4CD5-8595-0F8D47B5B416}.Debug|Any CPU.ActiveCfg = Debug|Any CPU
		{88685AA9-3824-4CD5-8595-0F8D47B5B416}.Debug|Any CPU.Build.0 = Debug|Any CPU
		{88685AA9-3824-4CD5-8595-0F8D47B5B416}.Release|Any CPU.ActiveCfg = Release|Any CPU
		{88685AA9-3824-4CD5-8595-0F8D47B5B416}.Release|Any CPU.Build.0 = Release|Any CPU
	EndGlobalSection
	GlobalSection(SolutionProperties) = preSolution
		HideSolutionNode = FALSE
	EndGlobalSection
	GlobalSection(ExtensibilityGlobals) = postSolution
		SolutionGuid = {A7B2A862-6182-442F-A4BF-1E8C8F5BB909}
	EndGlobalSection
EndGlobal
